
Microsoft Visual Studio Solution File, Format Version 12.00
# Visual Studio 15
VisualStudioVersion = 15.0.28307.572
MinimumVisualStudioVersion = 10.0.40219.1
Project("{FAE04EC0-301F-11D3-BF4B-00C04F79EFBC}") = "TP2_Ocampo_Eliana", "TP2_Ocampo_Eliana\TP2_Ocampo_Eliana.csproj", "{63115DA2-BB77-4DD5-BD9A-B48E1ECC3E7D}"
EndProject
Global
	GlobalSection(SolutionConfigurationPlatforms) = preSolution
		Debug|Any CPU = Debug|Any CPU
		Release|Any CPU = Release|Any CPU
	EndGlobalSection
	GlobalSection(ProjectConfigurationPlatforms) = postSolution
		{63115DA2-BB77-4DD5-BD9A-B48E1ECC3E7D}.Debug|Any CPU.ActiveCfg = Debug|Any CPU
		{63115DA2-BB77-4DD5-BD9A-B48E1ECC3E7D}.Debug|Any CPU.Build.0 = Debug|Any CPU
		{63115DA2-BB77-4DD5-BD9A-B48E1ECC3E7D}.Release|Any CPU.ActiveCfg = Release|Any CPU
		{63115DA2-BB77-4DD5-BD9A-B48E1ECC3E7D}.Release|Any CPU.Build.0 = Release|Any CPU
	EndGlobalSection
	GlobalSection(SolutionProperties) = preSolution
		HideSolutionNode = FALSE
	EndGlobalSection
	GlobalSection(ExtensibilityGlobals) = postSolution
		SolutionGuid = {BC641825-6881-41D3-B06C-2D3196C99DBD}
	EndGlobalSection
EndGlobal
